<?xml version="1.0" encoding="utf-8"?>
<Project ToolsVersion="4.0" xmlns="http://schemas.microsoft.com/developer/msbuild/2003">
  <ItemGroup>
    <ClCompile Include="GameKeyboardConnector.cpp">
      <Filter>源文件</Filter>
    </ClCompile>
    <ClCompile Include="GameKeyboardConnectorDlg.cpp">
      <Filter>源文件</Filter>
    </ClCompile>
    <ClCompile Include="pch.cpp">
      <Filter>源文件</Filter>
    </ClCompile>
  </ItemGroup>
  <ItemGroup>
    <ClInclude Include="GameKeyboardConnector.h">
      <Filter>头文件</Filter>
    </ClInclude>
    <ClInclude Include="GameKeyboardConnectorDlg.h">
      <Filter>头文件</Filter>
    </ClInclude>
    <ClInclude Include="..\Inlude\KeyHook.h">
      <Filter>头文件</Filter>
    </ClInclude>
    <ClInclude Include="framework.h">
      <Filter>头文件</Filter>
    </ClInclude>
    <ClInclude Include="pch.h">
      <Filter>头文件</Filter>
    </ClInclude>
    <ClInclude Include="Resource.h">
      <Filter>头文件</Filter>
    </ClInclude>
    <ClInclude Include="targetver.h">
      <Filter>头文件</Filter>
    </ClInclude>
  </ItemGroup>
  <ItemGroup>
    <Filter Include="头文件">
      <UniqueIdentifier>{f90ec845-49dd-4f8a-b6f6-8a750773c104}</UniqueIdentifier>
    </Filter>
    <Filter Include="源文件">
      <UniqueIdentifier>{e2e16679-9931-4522-b86f-484ac2b2bc18}</UniqueIdentifier>
    </Filter>
    <Filter Include="资源文件">
      <UniqueIdentifier>{269926c9-6070-4932-9ccc-8b81c266d3fc}</UniqueIdentifier>
    </Filter>
  </ItemGroup>
  <ItemGroup>
    <None Include="res\GameKeyboardConnector.rc2">
      <Filter>资源文件</Filter>
    </None>
    <None Include="res\searchw.cur">
      <Filter>资源文件</Filter>
    </None>
  </ItemGroup>
  <ItemGroup>
    <ResourceCompile Include="GameKeyboardConnector.rc">
      <Filter>资源文件</Filter>
    </ResourceCompile>
  </ItemGroup>
  <ItemGroup>
    <Image Include="res\GameKeyboardConnector.ico">
      <Filter>资源文件</Filter>
    </Image>
    <Image Include="res\findere.bmp">
      <Filter>资源文件</Filter>
    </Image>
    <Image Include="res\finderf.bmp">
      <Filter>资源文件</Filter>
    </Image>
  </ItemGroup>
</Project>